{
  "name": "notepad",
  "version": "1.0.0",
  "lockfileVersion": 2,
  "requires": true,
  "packages": {
    "": {
      "name": "notepad",
      "version": "1.0.0",
      "license": "ISC",
      "dependencies": {
        "tinymce": "^7.5.1"
      }
    },
    "node_modules/tinymce": {
      "version": "7.5.1",
      "resolved": "https://registry.npmjs.org/tinymce/-/tinymce-7.5.1.tgz",
      "integrity": "sha512-GRXJUB0BEIOUHUEC+q9IjsgWGIAQ4Tn5t5hfpB/YR7No3oPgKHG03v1d3nbov9aqdyVW7Be+UD4I3ZerQG30VQ=="
    }
  },
  "dependencies": {
    "tinymce": {
      "version": "7.5.1",
      "resolved": "https://registry.npmjs.org/tinymce/-/tinymce-7.5.1.tgz",
      "integrity": "sha512-GRXJUB0BEIOUHUEC+q9IjsgWGIAQ4Tn5t5hfpB/YR7No3oPgKHG03v1d3nbov9aqdyVW7Be+UD4I3ZerQG30VQ=="
    }
  }
}
